# This file is automatically @generated by Cargo.
# It is not intended for manual editing.
version = 4

[[package]]
name = "pyx-bytecode"
version = "0.1.0"

[[package]]
name = "pyx-cli"
version = "0.1.0"
dependencies = [
 "pyx-compiler",
]

[[package]]
name = "pyx-compiler"
version = "0.1.0"
dependencies = [
 "pyx-bytecode",
]
